// !$*UTF8*$!
{
	archiveVersion = 1;
	classes = {
	};
	objectVersion = 50;
	objects = {

/* Begin PBXBuildFile section */
		AFFAC68620769D1800C8E14F /* AppDelegate.m in Sources */ = {isa = PBXBuildFile; fileRef = AFFAC68520769D1800C8E14F /* AppDelegate.m */; };
		AFFAC68920769D1800C8E14F /* ViewController.m in Sources */ = {isa = PBXBuildFile; fileRef = AFFAC68820769D1800C8E14F /* ViewController.m */; };
		AFFAC68C20769D1800C8E14F /* Main.storyboard in Resources */ = {isa = PBXBuildFile; fileRef = AFFAC68A20769D1800C8E14F /* Main.storyboard */; };
		AFFAC68E20769D1900C8E14F /* Assets.xcassets in Resources */ = {isa = PBXBuildFile; fileRef = AFFAC68D20769D1900C8E14F /* Assets.xcassets */; };
		AFFAC69120769D1900C8E14F /* LaunchScreen.storyboard in Resources */ = {isa = PBXBuildFile; fileRef = AFFAC68F20769D1900C8E14F /* LaunchScreen.storyboard */; };
		AFFAC69420769D1900C8E14F /* main.m in Sources */ = {isa = PBXBuildFile; fileRef = AFFAC69320769D1900C8E14F /* main.m */; };
/* End PBXBuildFile section */

/* Begin PBXFileReference section */
		AFFAC68120769D1800C8E14F /* JingDongDeatails.app */ = {isa = PBXFileReference; explicitFileType = wrapper.application; includeInIndex = 0; path = JingDongDeatails.app; sourceTree = BUILT_PRODUCTS_DIR; };
		AFFAC68420769D1800C8E14F /* AppDelegate.h */ = {isa = PBXFileReference; lastKnownFileType = sourcecode.c.h; path = AppDelegate.h; sourceTree = "<group>"; };
		AFFAC68520769D1800C8E14F /* AppDelegate.m */ = {isa = PBXFileReference; lastKnownFileType = sourcecode.c.objc; path = AppDelegate.m; sourceTree = "<group>"; };
		AFFAC68720769D1800C8E14F /* ViewController.h */ = {isa = PBXFileReference; lastKnownFileType = sourcecode.c.h; path = ViewController.h; sourceTree = "<group>"; };
		AFFAC68820769D1800C8E14F /* ViewController.m */ = {isa = PBXFileReference; lastKnownFileType = sourcecode.c.objc; path = ViewController.m; sourceTree = "<group>"; };
		AFFAC68B20769D1800C8E14F /* Base */ = {isa = PBXFileReference; lastKnownFileType = file.storyboard; name = Base; path = Base.lproj/Main.storyboard; sourceTree = "<group>"; };
		AFFAC68D20769D1900C8E14F /* Assets.xcassets */ = {isa = PBXFileReference; lastKnownFileType = folder.assetcatalog; path = Assets.xcassets; sourceTree = "<group>"; };
		AFFAC69020769D1900C8E14F /* Base */ = {isa = PBXFileReference; lastKnownFileType = file.storyboard; name = Base; path = Base.lproj/LaunchScreen.storyboard; sourceTree = "<group>"; };
		AFFAC69220769D1900C8E14F /* Info.plist */ = {isa = PBXFileReference; lastKnownFileType = text.plist.xml; path = Info.plist; sourceTree = "<group>"; };
		AFFAC69320769D1900C8E14F /* main.m */ = {isa = PBXFileReference; lastKnownFileType = sourcecode.c.objc; path = main.m; sourceTree = "<group>"; };
/* End PBXFileReference section */

/* Begin PBXFrameworksBuildPhase section */
		AFFAC67E20769D1800C8E14F /* Frameworks */ = {
			isa = PBXFrameworksBuildPhase;
			buildActionMask = 2147483647;
			files = (
			);
			runOnlyForDeploymentPostprocessing = 0;
		};
/* End PBXFrameworksBuildPhase section */

/* Begin PBXGroup section */
		AFFAC67820769D1800C8E14F = {
			isa = PBXGroup;
			children = (
				AFFAC68320769D1800C8E14F /* JingDongDeatails */,
				AFFAC68220769D1800C8E14F /* Products */,
			);
			sourceTree = "<group>";
		};
		AFFAC68220769D1800C8E14F /* Products */ = {
			isa = PBXGroup;
			children = (
				AFFAC68120769D1800C8E14F /* JingDongDeatails.app */,
			);
			name = Products;
			sourceTree = "<group>";
		};
		AFFAC68320769D1800C8E14F /* JingDongDeatails */ = {
			isa = PBXGroup;
			children = (
				AFFAC68420769D1800C8E14F /* AppDelegate.h */,
				AFFAC68520769D1800C8E14F /* AppDelegate.m */,
				AFFAC68720769D1800C8E14F /* ViewController.h */,
				AFFAC68820769D1800C8E14F /* ViewController.m */,
				AFFAC68A20769D1800C8E14F /* Main.storyboard */,
				AFFAC68D20769D1900C8E14F /* Assets.xcassets */,
				AFFAC68F20769D1900C8E14F /* LaunchScreen.storyboard */,
				AFFAC69220769D1900C8E14F /* Info.plist */,
				AFFAC69320769D1900C8E14F /* main.m */,
			);
			path = JingDongDeatails;
			sourceTree = "<group>";
		};
/* End PBXGroup section */

/* Begin PBXNativeTarget section */
		AFFAC68020769D1800C8E14F /* JingDongDeatails */ = {
			isa = PBXNativeTarget;
			buildConfigurationList = AFFAC69720769D1900C8E14F /* Build configuration list for PBXNativeTarget "JingDongDeatails" */;
			buildPhases = (
				AFFAC67D20769D1800C8E14F /* Sources */,
				AFFAC67E20769D1800C8E14F /* Frameworks */,
				AFFAC67F20769D1800C8E14F /* Resources */,
			);
			buildRules = (
			);
			dependencies = (
			);
			name = JingDongDeatails;
			productName = JingDongDeatails;
			productReference = AFFAC68120769D1800C8E14F /* JingDongDeatails.app */;
			productType = "com.apple.product-type.application";
		};
/* End PBXNativeTarget section */

/* Begin PBXProject section */
		AFFAC67920769D1800C8E14F /* Project object */ = {
			isa = PBXProject;
			attributes = {
				LastUpgradeCheck = 0930;
				ORGANIZATIONNAME = "兰林";
				TargetAttributes = {
					AFFAC68020769D1800C8E14F = {
						CreatedOnToolsVersion = 9.3;
					};
				};
			};
			buildConfigurationList = AFFAC67C20769D1800C8E14F /* Build configuration list for PBXProject "JingDongDeatails" */;
			compatibilityVersion = "Xcode 9.3";
			developmentRegion = en;
			hasScannedForEncodings = 0;
			knownRegions = (
				en,
				Base,
			);
			mainGroup = AFFAC67820769D1800C8E14F;
			productRefGroup = AFFAC68220769D1800C8E14F /* Products */;
			projectDirPath = "";
			projectRoot = "";
			targets = (
				AFFAC68020769D1800C8E14F /* JingDongDeatails */,
			);
		};
/* End PBXProject section */

/* Begin PBXResourcesBuildPhase section */
		AFFAC67F20769D1800C8E14F /* Resources */ = {
			isa = PBXResourcesBuildPhase;
			buildActionMask = 2147483647;
			files = (
				AFFAC69120769D1900C8E14F /* LaunchScreen.storyboard in Resources */,
				AFFAC68E20769D1900C8E14F /* Assets.xcassets in Resources */,
				AFFAC68C20769D1800C8E14F /* Main.storyboard in Resources */,
			);
			runOnlyForDeploymentPostprocessing = 0;
		};
/* End PBXResourcesBuildPhase section */

/* Begin PBXSourcesBuildPhase section */
		AFFAC67D20769D1800C8E14F /* Sources */ = {
			isa = PBXSourcesBuildPhase;
			buildActionMask = 2147483647;
			files = (
				AFFAC68920769D1800C8E14F /* ViewController.m in Sources */,
				AFFAC69420769D1900C8E14F /* main.m in Sources */,
				AFFAC68620769D1800C8E14F /* AppDelegate.m in Sources */,
			);
			runOnlyForDeploymentPostprocessing = 0;
		};
/* End PBXSourcesBuildPhase section */

/* Begin PBXVariantGroup section */
		AFFAC68A20769D1800C8E14F /* Main.storyboard */ = {
			isa = PBXVariantGroup;
			children = (
				AFFAC68B20769D1800C8E14F /* Base */,
			);
			name = Main.storyboard;
			sourceTree = "<group>";
		};
		AFFAC68F20769D1900C8E14F /* LaunchScreen.storyboard */ = {
			isa = PBXVariantGroup;
			children = (
				AFFAC69020769D1900C8E14F /* Base */,
			);
			name = LaunchScreen.storyboard;
			sourceTree = "<group>";
		};
/* End PBXVariantGroup section */

/* Begin XCBuildConfiguration section */
		AFFAC69520769D1900C8E14F /* Debug */ = {
			isa = XCBuildConfiguration;
			buildSettings = {
				ALWAYS_SEARCH_USER_PATHS = NO;
				CLANG_ANALYZER_NONNULL = YES;
				CLANG_ANALYZER_NUMBER_OBJECT_CONVERSION = YES_AGGRESSIVE;
				CLANG_CXX_LANGUAGE_STANDARD = "gnu++14";
				CLANG_CXX_LIBRARY = "libc++";
				CLANG_ENABLE_MODULES = YES;
				CLANG_ENABLE_OBJC_ARC = YES;
				CLANG_ENABLE_OBJC_WEAK = YES;
				CLANG_WARN_BLOCK_CAPTURE_AUTORELEASING = YES;
				CLANG_WARN_BOOL_CONVERSION = YES;
				CLANG_WARN_COMMA = YES;
				CLANG_WARN_CONSTANT_CONVERSION = YES;
				CLANG_WARN_DEPRECATED_OBJC_IMPLEMENTATIONS = YES;
				CLANG_WARN_DIRECT_OBJC_ISA_USAGE = YES_ERROR;
				CLANG_WARN_DOCUMENTATION_COMMENTS = YES;
				CLANG_WARN_EMPTY_BODY = YES;
				CLANG_WARN_ENUM_CONVERSION = YES;
				CLANG_WARN_INFINITE_RECURSION = YES;
				CLANG_WARN_INT_CONVERSION = YES;
				CLANG_WARN_NON_LITERAL_NULL_CONVERSION = YES;
				CLANG_WARN_OBJC_IMPLICIT_RETAIN_SELF = YES;
				CLANG_WARN_OBJC_LITERAL_CONVERSION = YES;
				CLANG_WARN_OBJC_ROOT_CLASS = YES_ERROR;
				CLANG_WARN_RANGE_LOOP_ANALYSIS = YES;
				CLANG_WARN_STRICT_PROTOTYPES = YES;
				CLANG_WARN_SUSPICIOUS_MOVE = YES;
				CLANG_WARN_UNGUARDED_AVAILABILITY = YES_AGGRESSIVE;
				CLANG_WARN_UNREACHABLE_CODE = YES;
				CLANG_WARN__DUPLICATE_METHOD_MATCH = YES;
				CODE_SIGN_IDENTITY = "iPhone Developer";
				COPY_PHASE_STRIP = NO;
				DEBUG_INFORMATION_FORMAT = dwarf;
				ENABLE_STRICT_OBJC_MSGSEND = YES;
				ENABLE_TESTABILITY = YES;
				GCC_C_LANGUAGE_STANDARD = gnu11;
				GCC_DYNAMIC_NO_PIC = NO;
				GCC_NO_COMMON_BLOCKS = YES;
				GCC_OPTIMIZATION_LEVEL = 0;
				GCC_PREPROCESSOR_DEFINITIONS = (
					"DEBUG=1",
					"$(inherited)",
				);
				GCC_WARN_64_TO_32_BIT_CONVERSION = YES;
				GCC_WARN_ABOUT_RETURN_TYPE = YES_ERROR;
				GCC_WARN_UNDECLARED_SELECTOR = YES;
				GCC_WARN_UNINITIALIZED_AUTOS = YES_AGGRESSIVE;
				GCC_WARN_UNUSED_FUNCTION = YES;
				GCC_WARN_UNUSED_VARIABLE = YES;
				IPHONEOS_DEPLOYMENT_TARGET = 11.3;
				MTL_ENABLE_DEBUG_INFO = YES;
				ONLY_ACTIVE_ARCH = YES;
				SDKROOT = iphoneos;
			};
			name = Debug;
		};
		AFFAC69620769D1900C8E14F /* Release */ = {
			isa = XCBuildConfiguration;
			buildSettings = {
				ALWAYS_SEARCH_USER_PATHS = NO;
				CLANG_ANALYZER_NONNULL = YES;
				CLANG_ANALYZER_NUMBER_OBJECT_CONVERSION = YES_AGGRESSIVE;
				CLANG_CXX_LANGUAGE_STANDARD = "gnu++14";
				CLANG_CXX_LIBRARY = "libc++";
				CLANG_ENABLE_MODULES = YES;
				CLANG_ENABLE_OBJC_ARC = YES;
				CLANG_ENABLE_OBJC_WEAK = YES;
				CLANG_WARN_BLOCK_CAPTURE_AUTORELEASING = YES;
				CLANG_WARN_BOOL_CONVERSION = YES;
				CLANG_WARN_COMMA = YES;
				CLANG_WARN_CONSTANT_CONVERSION = YES;
				CLANG_WARN_DEPRECATED_OBJC_IMPLEMENTATIONS = YES;
				CLANG_WARN_DIRECT_OBJC_ISA_USAGE = YES_ERROR;
				CLANG_WARN_DOCUMENTATION_COMMENTS = YES;
				CLANG_WARN_EMPTY_BODY = YES;
				CLANG_WARN_ENUM_CONVERSION = YES;
				CLANG_WARN_INFINITE_RECURSION = YES;
				CLANG_WARN_INT_CONVERSION = YES;
				CLANG_WARN_NON_LITERAL_NULL_CONVERSION = YES;
				CLANG_WARN_OBJC_IMPLICIT_RETAIN_SELF = YES;
				CLANG_WARN_OBJC_LITERAL_CONVERSION = YES;
				CLANG_WARN_OBJC_ROOT_CLASS = YES_ERROR;
				CLANG_WARN_RANGE_LOOP_ANALYSIS = YES;
				CLANG_WARN_STRICT_PROTOTYPES = YES;
				CLANG_WARN_SUSPICIOUS_MOVE = YES;
				CLANG_WARN_UNGUARDED_AVAILABILITY = YES_AGGRESSIVE;
				CLANG_WARN_UNREACHABLE_CODE = YES;
				CLANG_WARN__DUPLICATE_METHOD_MATCH = YES;
				CODE_SIGN_IDENTITY = "iPhone Developer";
				COPY_PHASE_STRIP = NO;
				DEBUG_INFORMATION_FORMAT = "dwarf-with-dsym";
				ENABLE_NS_ASSERTIONS = NO;
				ENABLE_STRICT_OBJC_MSGSEND = YES;
				GCC_C_LANGUAGE_STANDARD = gnu11;
				GCC_NO_COMMON_BLOCKS = YES;
				GCC_WARN_64_TO_32_BIT_CONVERSION = YES;
				GCC_WARN_ABOUT_RETURN_TYPE = YES_ERROR;
				GCC_WARN_UNDECLARED_SELECTOR = YES;
				GCC_WARN_UNINITIALIZED_AUTOS = YES_AGGRESSIVE;
				GCC_WARN_UNUSED_FUNCTION = YES;
				GCC_WARN_UNUSED_VARIABLE = YES;
				IPHONEOS_DEPLOYMENT_TARGET = 11.3;
				MTL_ENABLE_DEBUG_INFO = NO;
				SDKROOT = iphoneos;
				VALIDATE_PRODUCT = YES;
			};
			name = Release;
		};
		AFFAC69820769D1900C8E14F /* Debug */ = {
			isa = XCBuildConfiguration;
			buildSettings = {
				ASSETCATALOG_COMPILER_APPICON_NAME = AppIcon;
				CODE_SIGN_STYLE = Automatic;
				INFOPLIST_FILE = JingDongDeatails/Info.plist;
				LD_RUNPATH_SEARCH_PATHS = (
					"$(inherited)",
					"@executable_path/Frameworks",
				);
				PRODUCT_BUNDLE_IDENTIFIER = LL.JingDongDeatails;
				PRODUCT_NAME = "$(TARGET_NAME)";
				TARGETED_DEVICE_FAMILY = "1,2";
			};
			name = Debug;
		};
		AFFAC69920769D1900C8E14F /* Release */ = {
			isa = XCBuildConfiguration;
			buildSettings = {
				ASSETCATALOG_COMPILER_APPICON_NAME = AppIcon;
				CODE_SIGN_STYLE = Automatic;
				INFOPLIST_FILE = JingDongDeatails/Info.plist;
				LD_RUNPATH_SEARCH_PATHS = (
					"$(inherited)",
					"@executable_path/Frameworks",
				);
				PRODUCT_BUNDLE_IDENTIFIER = LL.JingDongDeatails;
				PRODUCT_NAME = "$(TARGET_NAME)";
				TARGETED_DEVICE_FAMILY = "1,2";
			};
			name = Release;
		};
/* End XCBuildConfiguration section */

/* Begin XCConfigurationList section */
		AFFAC67C20769D1800C8E14F /* Build configuration list for PBXProject "JingDongDeatails" */ = {
			isa = XCConfigurationList;
			buildConfigurations = (
				AFFAC69520769D1900C8E14F /* Debug */,
				AFFAC69620769D1900C8E14F /* Release */,
			);
			defaultConfigurationIsVisible = 0;
			defaultConfigurationName = Release;
		};
		AFFAC69720769D1900C8E14F /* Build configuration list for PBXNativeTarget "JingDongDeatails" */ = {
			isa = XCConfigurationList;
			buildConfigurations = (
				AFFAC69820769D1900C8E14F /* Debug */,
				AFFAC69920769D1900C8E14F /* Release */,
			);
			defaultConfigurationIsVisible = 0;
			defaultConfigurationName = Release;
		};
/* End XCConfigurationList section */
	};
	rootObject = AFFAC67920769D1800C8E14F /* Project object */;
}
